
Microsoft Visual Studio Solution File, Format Version 12.00
# Visual Studio Version 17
VisualStudioVersion = 17.11.35327.3
MinimumVisualStudioVersion = 10.0.40219.1
Project("{FAE04EC0-301F-11D3-BF4B-00C04F79EFBC}") = "yazilim251001", "yazilim251001.csproj", "{868AC9BA-664D-41CB-B78B-1F9982E006FE}"
EndProject
Global
	GlobalSection(SolutionConfigurationPlatforms) = preSolution
		Debug|Any CPU = Debug|Any CPU
		Release|Any CPU = Release|Any CPU
	EndGlobalSection
	GlobalSection(ProjectConfigurationPlatforms) = postSolution
		{868AC9BA-664D-41CB-B78B-1F9982E006FE}.Debug|Any CPU.ActiveCfg = Debug|Any CPU
		{868AC9BA-664D-41CB-B78B-1F9982E006FE}.Debug|Any CPU.Build.0 = Debug|Any CPU
		{868AC9BA-664D-41CB-B78B-1F9982E006FE}.Release|Any CPU.ActiveCfg = Release|Any CPU
		{868AC9BA-664D-41CB-B78B-1F9982E006FE}.Release|Any CPU.Build.0 = Release|Any CPU
	EndGlobalSection
	GlobalSection(SolutionProperties) = preSolution
		HideSolutionNode = FALSE
	EndGlobalSection
	GlobalSection(ExtensibilityGlobals) = postSolution
		SolutionGuid = {57A211C5-5D83-4748-ABD2-29EC28ED7831}
	EndGlobalSection
EndGlobal
